
Microsoft Visual Studio Solution File, Format Version 12.00
# Visual Studio Version 16
VisualStudioVersion = 16.0.29409.12
MinimumVisualStudioVersion = 10.0.40219.1
Project("{FAE04EC0-301F-11D3-BF4B-00C04F79EFBC}") = "5_6_DependencyInjectionViaConstructor", "5_6_DependencyInjectionViaConstructor\5_6_DependencyInjectionViaConstructor.csproj", "{FD4B4813-4E2A-404E-A7E7-EF0A8F465D55}"
EndProject
Project("{FAE04EC0-301F-11D3-BF4B-00C04F79EFBC}") = "TestNinja.UnitTests", "TestNinja.UnitTests\TestNinja.UnitTests.csproj", "{8E7B2BC4-6E1F-4B4D-9674-B69AF6E6EE87}"
EndProject
Global
	GlobalSection(SolutionConfigurationPlatforms) = preSolution
		Debug|Any CPU = Debug|Any CPU
		Release|Any CPU = Release|Any CPU
	EndGlobalSection
	GlobalSection(ProjectConfigurationPlatforms) = postSolution
		{FD4B4813-4E2A-404E-A7E7-EF0A8F465D55}.Debug|Any CPU.ActiveCfg = Debug|Any CPU
		{FD4B4813-4E2A-404E-A7E7-EF0A8F465D55}.Debug|Any CPU.Build.0 = Debug|Any CPU
		{FD4B4813-4E2A-404E-A7E7-EF0A8F465D55}.Release|Any CPU.ActiveCfg = Release|Any CPU
		{FD4B4813-4E2A-404E-A7E7-EF0A8F465D55}.Release|Any CPU.Build.0 = Release|Any CPU
		{8E7B2BC4-6E1F-4B4D-9674-B69AF6E6EE87}.Debug|Any CPU.ActiveCfg = Debug|Any CPU
		{8E7B2BC4-6E1F-4B4D-9674-B69AF6E6EE87}.Debug|Any CPU.Build.0 = Debug|Any CPU
		{8E7B2BC4-6E1F-4B4D-9674-B69AF6E6EE87}.Release|Any CPU.ActiveCfg = Release|Any CPU
		{8E7B2BC4-6E1F-4B4D-9674-B69AF6E6EE87}.Release|Any CPU.Build.0 = Release|Any CPU
	EndGlobalSection
	GlobalSection(SolutionProperties) = preSolution
		HideSolutionNode = FALSE
	EndGlobalSection
	GlobalSection(ExtensibilityGlobals) = postSolution
		SolutionGuid = {96DBFA09-5E7C-4C0E-98AC-725BFCF23A03}
	EndGlobalSection
EndGlobal
